<Solution>
  <Folder Name="/src/">
    <Project Path="src/BillEasePro.Api/BillEasePro.Api.csproj" />
    <Project Path="src/BillEasePro.Application/BillEasePro.Application.csproj" />
    <Project Path="src/BillEasePro.Domain/BillEasePro.Domain.csproj" />
    <Project Path="src/BillEasePro.Infrastructure/BillEasePro.Infrastructure.csproj" />
  </Folder>
</Solution>
